
Microsoft Visual Studio Solution File, Format Version 12.00
# Visual Studio Version 17
VisualStudioVersion = 17.13.35825.156 d17.13
MinimumVisualStudioVersion = 10.0.40219.1
Project("{FAE04EC0-301F-11D3-BF4B-00C04F79EFBC}") = "PROGASSIGNMENT1", "PROGASSIGNMENT1\PROGASSIGNMENT1.csproj", "{3FF79659-C1E1-4E7B-9DE6-2263D3B29847}"
EndProject
Global
	GlobalSection(SolutionConfigurationPlatforms) = preSolution
		Debug|Any CPU = Debug|Any CPU
		Release|Any CPU = Release|Any CPU
	EndGlobalSection
	GlobalSection(ProjectConfigurationPlatforms) = postSolution
		{3FF79659-C1E1-4E7B-9DE6-2263D3B29847}.Debug|Any CPU.ActiveCfg = Debug|Any CPU
		{3FF79659-C1E1-4E7B-9DE6-2263D3B29847}.Debug|Any CPU.Build.0 = Debug|Any CPU
		{3FF79659-C1E1-4E7B-9DE6-2263D3B29847}.Release|Any CPU.ActiveCfg = Release|Any CPU
		{3FF79659-C1E1-4E7B-9DE6-2263D3B29847}.Release|Any CPU.Build.0 = Release|Any CPU
	EndGlobalSection
	GlobalSection(SolutionProperties) = preSolution
		HideSolutionNode = FALSE
	EndGlobalSection
	GlobalSection(ExtensibilityGlobals) = postSolution
		SolutionGuid = {A4B96068-6EA0-4B87-81F0-0A2BACE93B2C}
	EndGlobalSection
EndGlobal
